{
  "version": 4,
  "terraform_version": "0.12.28",
  "serial": 171,
  "lineage": "ee4f497d-783f-7912-1c0a-59331b475ac8",
  "outputs": {
    "frontend-ip": {
      "value": "35.230.146.13",
      "type": "string"
    },
    "gateway-ip": {
      "value": "34.89.8.57",
      "type": "string"
    },
    "kubernetes_cluster_name": {
      "value": "terraform-smartshare-gke",
      "type": "string"
    },
    "region": {
      "value": "europe-west2",
      "type": "string"
    }
  },
  "resources": [
    {
      "module": "module.bucket_access",
      "mode": "managed",
      "type": "aws_iam_access_key",
      "name": "smartshare",
      "provider": "provider.aws",
      "instances": [
        {
          "schema_version": 0,
          "attributes": {
            "encrypted_secret": null,
            "id": "AKIAR7MKNLULV646BO6V",
            "key_fingerprint": null,
            "pgp_key": null,
            "secret": "Dr7uA8F6J15yeG875/XbvDykXyoS+tdQRfRL0CXz",
            "ses_smtp_password": "AtZtj7p+exr2AeAfsjBA7l/ULCWnr+TzJBUP7H+MUA21",
            "ses_smtp_password_v4": "BBwZUOXygKYKfD60Pv4hDGN1UkBByTgtWuV9JTcVOkjc",
            "status": "Active",
            "user": "smartshare_user_dev"
          },
          "private": "bnVsbA==",
          "dependencies": [
            "module.bucket_access.aws_iam_user.smartshare"
          ]
        }
      ]
    },
    {
      "module": "module.bucket_access",
      "mode": "managed",
      "type": "aws_iam_user",
      "name": "smartshare",
      "provider": "provider.aws",
      "instances": [
        {
          "schema_version": 0,
          "attributes": {
            "arn": "arn:aws:iam::136118623511:user/user/smartshare_user_dev",
            "force_destroy": false,
            "id": "smartshare_user_dev",
            "name": "smartshare_user_dev",
            "path": "/user/",
            "permissions_boundary": "arn:aws:iam::aws:policy/AmazonS3FullAccess",
            "tags": null,
            "unique_id": "AIDAR7MKNLUL7JNZPREHF"
          },
          "private": "bnVsbA=="
        }
      ]
    },
    {
      "module": "module.bucket_access",
      "mode": "managed",
      "type": "aws_iam_user_policy_attachment",
      "name": "smartshare-policy",
      "provider": "provider.aws",
      "instances": [
        {
          "schema_version": 0,
          "attributes": {
            "id": "smartshare_user_dev-20200807132226134200000001",
            "policy_arn": "arn:aws:iam::aws:policy/AmazonS3FullAccess",
            "user": "smartshare_user_dev"
          },
          "private": "bnVsbA==",
          "dependencies": [
            "module.bucket_access.aws_iam_user.smartshare"
          ]
        }
      ]
    },
    {
      "mode": "managed",
      "type": "google_compute_address",
      "name": "frontend",
      "provider": "provider.google",
      "instances": [
        {
          "schema_version": 0,
          "attributes": {
            "address": "35.230.146.13",
            "address_type": "EXTERNAL",
            "creation_timestamp": "2020-08-07T06:29:53.968-07:00",
            "description": "",
            "id": "projects/terraform-smartshare/regions/europe-west2/addresses/frontend-ip",
            "name": "frontend-ip",
            "network_tier": "PREMIUM",
            "project": "terraform-smartshare",
            "purpose": "",
            "region": "europe-west2",
            "self_link": "https://www.googleapis.com/compute/v1/projects/terraform-smartshare/regions/europe-west2/addresses/frontend-ip",
            "subnetwork": "",
            "timeouts": null,
            "users": []
          },
          "private": "eyJlMmJmYjczMC1lY2FhLTExZTYtOGY4OC0zNDM2M2JjN2M0YzAiOnsiY3JlYXRlIjoyNDAwMDAwMDAwMDAsImRlbGV0ZSI6MjQwMDAwMDAwMDAwfX0=",
          "dependencies": [
            "google_compute_network.vpc",
            "google_compute_subnetwork.subnet",
            "google_container_cluster.primary",
            "google_container_node_pool.primary_nodes"
          ]
        }
      ]
    },
    {
      "mode": "managed",
      "type": "google_compute_address",
      "name": "gateway",
      "provider": "provider.google",
      "instances": [
        {
          "schema_version": 0,
          "attributes": {
            "address": "34.89.8.57",
            "address_type": "EXTERNAL",
            "creation_timestamp": "2020-08-07T06:29:54.024-07:00",
            "description": "",
            "id": "projects/terraform-smartshare/regions/europe-west2/addresses/gateway-ip",
            "name": "gateway-ip",
            "network_tier": "PREMIUM",
            "project": "terraform-smartshare",
            "purpose": "",
            "region": "europe-west2",
            "self_link": "https://www.googleapis.com/compute/v1/projects/terraform-smartshare/regions/europe-west2/addresses/gateway-ip",
            "subnetwork": "",
            "timeouts": null,
            "users": []
          },
          "private": "eyJlMmJmYjczMC1lY2FhLTExZTYtOGY4OC0zNDM2M2JjN2M0YzAiOnsiY3JlYXRlIjoyNDAwMDAwMDAwMDAsImRlbGV0ZSI6MjQwMDAwMDAwMDAwfX0=",
          "dependencies": [
            "google_compute_network.vpc",
            "google_compute_subnetwork.subnet",
            "google_container_cluster.primary",
            "google_container_node_pool.primary_nodes"
          ]
        }
      ]
    },
    {
      "mode": "managed",
      "type": "google_compute_network",
      "name": "vpc",
      "provider": "provider.google",
      "instances": [
        {
          "schema_version": 0,
          "attributes": {
            "auto_create_subnetworks": false,
            "delete_default_routes_on_create": false,
            "description": "",
            "gateway_ipv4": "",
            "id": "projects/terraform-smartshare/global/networks/terraform-smartshare-development-vpc",
            "ipv4_range": null,
            "name": "terraform-smartshare-development-vpc",
            "project": "terraform-smartshare",
            "routing_mode": "REGIONAL",
            "self_link": "https://www.googleapis.com/compute/v1/projects/terraform-smartshare/global/networks/terraform-smartshare-development-vpc",
            "timeouts": null
          },
          "private": "eyJlMmJmYjczMC1lY2FhLTExZTYtOGY4OC0zNDM2M2JjN2M0YzAiOnsiY3JlYXRlIjoyNDAwMDAwMDAwMDAsImRlbGV0ZSI6MjQwMDAwMDAwMDAwLCJ1cGRhdGUiOjI0MDAwMDAwMDAwMH19"
        }
      ]
    },
    {
      "mode": "managed",
      "type": "google_compute_subnetwork",
      "name": "subnet",
      "provider": "provider.google",
      "instances": [
        {
          "schema_version": 0,
          "attributes": {
            "creation_timestamp": "2020-08-07T06:22:34.494-07:00",
            "description": "",
            "enable_flow_logs": null,
            "fingerprint": null,
            "gateway_address": "10.10.0.1",
            "id": "projects/terraform-smartshare/regions/europe-west2/subnetworks/terraform-smartshare-subnet",
            "ip_cidr_range": "10.10.0.0/24",
            "log_config": [],
            "name": "terraform-smartshare-subnet",
            "network": "https://www.googleapis.com/compute/v1/projects/terraform-smartshare/global/networks/terraform-smartshare-development-vpc",
            "private_ip_google_access": false,
            "project": "terraform-smartshare",
            "region": "europe-west2",
            "secondary_ip_range": [],
            "self_link": "https://www.googleapis.com/compute/v1/projects/terraform-smartshare/regions/europe-west2/subnetworks/terraform-smartshare-subnet",
            "timeouts": null
          },
          "private": "eyJlMmJmYjczMC1lY2FhLTExZTYtOGY4OC0zNDM2M2JjN2M0YzAiOnsiY3JlYXRlIjozNjAwMDAwMDAwMDAsImRlbGV0ZSI6MzYwMDAwMDAwMDAwLCJ1cGRhdGUiOjM2MDAwMDAwMDAwMH19",
          "dependencies": [
            "google_compute_network.vpc"
          ]
        }
      ]
    },
    {
      "mode": "managed",
      "type": "google_container_cluster",
      "name": "primary",
      "provider": "provider.google",
      "instances": [
        {
          "schema_version": 1,
          "attributes": {
            "additional_zones": [],
            "addons_config": [
              {
                "cloudrun_config": [],
                "horizontal_pod_autoscaling": [],
                "http_load_balancing": [],
                "kubernetes_dashboard": [],
                "network_policy_config": [
                  {
                    "disabled": true
                  }
                ]
              }
            ],
            "authenticator_groups_config": [],
            "cluster_autoscaling": [
              {
                "auto_provisioning_defaults": [],
                "enabled": false,
                "resource_limits": []
              }
            ],
            "cluster_ipv4_cidr": "10.52.0.0/14",
            "database_encryption": [
              {
                "key_name": "",
                "state": "DECRYPTED"
              }
            ],
            "default_max_pods_per_node": null,
            "description": "",
            "enable_binary_authorization": false,
            "enable_intranode_visibility": null,
            "enable_kubernetes_alpha": false,
            "enable_legacy_abac": false,
            "enable_shielded_nodes": false,
            "enable_tpu": null,
            "endpoint": "35.197.225.35",
            "id": "projects/terraform-smartshare/locations/europe-west2/clusters/terraform-smartshare-gke",
            "initial_node_count": 1,
            "instance_group_urls": [],
            "ip_allocation_policy": [],
            "label_fingerprint": "a9dc16a7",
            "location": "europe-west2",
            "logging_service": "logging.googleapis.com/kubernetes",
            "maintenance_policy": [],
            "master_auth": [
              {
                "client_certificate": "",
                "client_certificate_config": [
                  {
                    "issue_client_certificate": false
                  }
                ],
                "client_key": "",
                "cluster_ca_certificate": "LS0tLS1CRUdJTiBDRVJUSUZJQ0FURS0tLS0tCk1JSURDekNDQWZPZ0F3SUJBZ0lRUU9LMXRaTXJoVnJwRGsyM3RCaXdJREFOQmdrcWhraUc5dzBCQVFzRkFEQXYKTVMwd0t3WURWUVFERXlRek5qQmpOV1JsTXkxbVpEUXdMVFJpTVdJdFlqUmlOUzA0TWprek1qZzRNamMxWldFdwpIaGNOTWpBd09EQTNNVEl5TWpVM1doY05NalV3T0RBMk1UTXlNalUzV2pBdk1TMHdLd1lEVlFRREV5UXpOakJqCk5XUmxNeTFtWkRRd0xUUmlNV0l0WWpSaU5TMDRNamt6TWpnNE1qYzFaV0V3Z2dFaU1BMEdDU3FHU0liM0RRRUIKQVFVQUE0SUJEd0F3Z2dFS0FvSUJBUURQUUpiVDZXVmVmTGVCL1FBTWZoWmtLeXBCaXZXRFV6WWtJMU92VFQwZwp0eXVYK3ZhcGdTVUNEWmswRVlzUlk0K214cS81bWtJdG5qRWpUNlhvcVlhbWhXVXQ4d1pwbnV1RXMzUytHNU8rCm5BZDduQXR6ZUJFZTJBL3BVUkhSa3RpaFBCTkJzUjRqc1pKTU51cGFmRnZtOUpObU1CU1Z1ZlJBbFJrY2g5SUIKRVdZVmNVMmp4ZG14cWYwR0d1WkdUcVJiM3hzcDdzU2g5SkJOcFpCdEgvOEIwdGZ6V3BhNjJMVG95d3BSMVpkawpyaGluUGJONENnUElLV3pjY0NqWkFPZlNJSC9RcmY2enpJd3d5ekFabDN3cDZuWXFiaGJjQjJtSytndWNqNjN0CkF2d01EMlBWeGFPK1lyQ0pCQ3NRQlE5RFdGbnYyU1pwOTM3elJMRVd1bkJEQWdNQkFBR2pJekFoTUE0R0ExVWQKRHdFQi93UUVBd0lDQkRBUEJnTlZIUk1CQWY4RUJUQURBUUgvTUEwR0NTcUdTSWIzRFFFQkN3VUFBNElCQVFCZApsYnBNVHVtOHQ5dlZGK0o4ZW4vYVNra2tKOVk5eXgwcTJnMFc0cjVyazdKaHFQN3dPNTNHZU56YndDUUI0VzdWCitCS2l2YlV3SEFZeFlpOG1pMTBscjU5bkxyaUYvWTk5aEtFZmx6Q1RtakZ0V2lvZDBYL2F4L3FoN1p0ZjlzbFYKR1ltaTNJcG54SFhpWEJRTGFDOWpYb0pMYldQV21ESnZRMW1FWmdaS1E4VWhXTUVKZmlScGlHemtxcE9scis1ZAp4Zitka2RObmg1bHZXMDVrb1ZNTkRoNWpTcXdNY1FvVDJMbFEvR1VUcXZoOWJxZHZpTmk5QXdOdDhLcGRwZmlpCmxiamxiUjhVLzFiNnZXOVlKNHJrY3J0Zldyb1JxZjBvL0c1b0ozaExrMnAwYnl0N1VLUlB4VDJzK0o5U0FFdXcKY2k1WDh5TG5rVEFBZnVsekZVakYKLS0tLS1FTkQgQ0VSVElGSUNBVEUtLS0tLQo=",
                "password": "",
                "username": ""
              }
            ],
            "master_authorized_networks_config": [],
            "master_version": "1.15.12-gke.2",
            "min_master_version": null,
            "monitoring_service": "monitoring.googleapis.com/kubernetes",
            "name": "terraform-smartshare-gke",
            "network": "projects/terraform-smartshare/global/networks/terraform-smartshare-development-vpc",
            "network_policy": [
              {
                "enabled": false,
                "provider": "PROVIDER_UNSPECIFIED"
              }
            ],
            "node_config": [],
            "node_locations": [
              "europe-west2-a",
              "europe-west2-b",
              "europe-west2-c"
            ],
            "node_pool": [],
            "node_version": "1.15.12-gke.2",
            "operation": null,
            "pod_security_policy_config": null,
            "private_cluster_config": [],
            "project": "terraform-smartshare",
            "region": null,
            "remove_default_node_pool": true,
            "resource_labels": null,
            "resource_usage_export_config": [],
            "services_ipv4_cidr": "10.55.240.0/20",
            "subnetwork": "projects/terraform-smartshare/regions/europe-west2/subnetworks/terraform-smartshare-subnet",
            "timeouts": null,
            "vertical_pod_autoscaling": [],
            "workload_identity_config": [],
            "zone": null
          },
          "private": "eyJlMmJmYjczMC1lY2FhLTExZTYtOGY4OC0zNDM2M2JjN2M0YzAiOnsiY3JlYXRlIjoyNDAwMDAwMDAwMDAwLCJkZWxldGUiOjI0MDAwMDAwMDAwMDAsInJlYWQiOjI0MDAwMDAwMDAwMDAsInVwZGF0ZSI6MzYwMDAwMDAwMDAwMH0sInNjaGVtYV92ZXJzaW9uIjoiMSJ9",
          "dependencies": [
            "google_compute_network.vpc",
            "google_compute_subnetwork.subnet"
          ]
        }
      ]
    },
    {
      "mode": "managed",
      "type": "google_container_node_pool",
      "name": "primary_nodes",
      "provider": "provider.google",
      "instances": [
        {
          "schema_version": 1,
          "attributes": {
            "autoscaling": [],
            "cluster": "terraform-smartshare-gke",
            "id": "projects/terraform-smartshare/locations/europe-west2/clusters/terraform-smartshare-gke/nodePools/terraform-smartshare-gke-node-pool",
            "initial_node_count": 1,
            "instance_group_urls": [
              "https://www.googleapis.com/compute/v1/projects/terraform-smartshare/zones/europe-west2-a/instanceGroupManagers/gke-terraform-smarts-terraform-smarts-d7fadc1f-grp",
              "https://www.googleapis.com/compute/v1/projects/terraform-smartshare/zones/europe-west2-b/instanceGroupManagers/gke-terraform-smarts-terraform-smarts-e8159b43-grp",
              "https://www.googleapis.com/compute/v1/projects/terraform-smartshare/zones/europe-west2-c/instanceGroupManagers/gke-terraform-smarts-terraform-smarts-7634496b-grp"
            ],
            "location": "europe-west2",
            "management": [
              {
                "auto_repair": true,
                "auto_upgrade": true
              }
            ],
            "max_pods_per_node": null,
            "name": "terraform-smartshare-gke-node-pool",
            "name_prefix": "",
            "node_config": [
              {
                "disk_size_gb": 100,
                "disk_type": "pd-standard",
                "guest_accelerator": [],
                "image_type": "COS",
                "labels": {
                  "env": "terraform-smartshare"
                },
                "local_ssd_count": 0,
                "machine_type": "n1-standard-1",
                "metadata": {
                  "disable-legacy-endpoints": "true"
                },
                "min_cpu_platform": "",
                "oauth_scopes": [
                  "https://www.googleapis.com/auth/logging.write",
                  "https://www.googleapis.com/auth/monitoring"
                ],
                "preemptible": false,
                "sandbox_config": [],
                "service_account": "default",
                "shielded_instance_config": [
                  {
                    "enable_integrity_monitoring": true,
                    "enable_secure_boot": false
                  }
                ],
                "tags": [
                  "gke-node",
                  "terraform-smartshare-gke"
                ],
                "taint": [],
                "workload_metadata_config": []
              }
            ],
            "node_count": 1,
            "node_locations": [
              "europe-west2-a",
              "europe-west2-b",
              "europe-west2-c"
            ],
            "project": "terraform-smartshare",
            "region": null,
            "timeouts": null,
            "upgrade_settings": [
              {
                "max_surge": 1,
                "max_unavailable": 0
              }
            ],
            "version": "1.15.12-gke.2",
            "zone": null
          },
          "private": "eyJlMmJmYjczMC1lY2FhLTExZTYtOGY4OC0zNDM2M2JjN2M0YzAiOnsiY3JlYXRlIjoxODAwMDAwMDAwMDAwLCJkZWxldGUiOjE4MDAwMDAwMDAwMDAsInVwZGF0ZSI6MTgwMDAwMDAwMDAwMH0sInNjaGVtYV92ZXJzaW9uIjoiMSJ9",
          "dependencies": [
            "google_compute_network.vpc",
            "google_compute_subnetwork.subnet",
            "google_container_cluster.primary"
          ]
        }
      ]
    },
    {
      "mode": "managed",
      "type": "null_resource",
      "name": "configure_auth0",
      "provider": "provider.null",
      "instances": [
        {
          "schema_version": 0,
          "attributes": {
            "id": "658563006994751753",
            "triggers": null
          },
          "private": "bnVsbA==",
          "dependencies": [
            "google_compute_address.frontend",
            "google_compute_address.gateway",
            "google_compute_network.vpc",
            "google_compute_subnetwork.subnet",
            "google_container_cluster.primary",
            "google_container_node_pool.primary_nodes",
            "module.bucket_access.aws_iam_access_key.smartshare",
            "module.bucket_access.aws_iam_user.smartshare",
            "null_resource.execute_kubectl_commands",
            "null_resource.modifying_kubectl_deployment_yamls",
            "null_resource.modifying_kubectl_services_yamls",
            "null_resource.passing_aws_secret"
          ]
        }
      ]
    },
    {
      "mode": "managed",
      "type": "null_resource",
      "name": "execute_kubectl_commands",
      "provider": "provider.null",
      "instances": [
        {
          "schema_version": 0,
          "attributes": {
            "id": "3077820312936288845",
            "triggers": null
          },
          "private": "bnVsbA==",
          "dependencies": [
            "google_compute_address.frontend",
            "google_compute_address.gateway",
            "google_compute_network.vpc",
            "google_compute_subnetwork.subnet",
            "google_container_cluster.primary",
            "google_container_node_pool.primary_nodes",
            "module.bucket_access.aws_iam_access_key.smartshare",
            "module.bucket_access.aws_iam_user.smartshare",
            "null_resource.modifying_kubectl_deployment_yamls",
            "null_resource.modifying_kubectl_services_yamls",
            "null_resource.passing_aws_secret"
          ]
        }
      ]
    },
    {
      "mode": "managed",
      "type": "null_resource",
      "name": "modifying_kubectl_deployment_yamls",
      "provider": "provider.null",
      "instances": [
        {
          "schema_version": 0,
          "attributes": {
            "id": "1203917023718281594",
            "triggers": null
          },
          "private": "bnVsbA==",
          "dependencies": [
            "google_compute_address.frontend",
            "google_compute_address.gateway",
            "google_compute_network.vpc",
            "google_compute_subnetwork.subnet",
            "google_container_cluster.primary",
            "google_container_node_pool.primary_nodes",
            "module.bucket_access.aws_iam_access_key.smartshare",
            "module.bucket_access.aws_iam_user.smartshare",
            "null_resource.modifying_kubectl_services_yamls",
            "null_resource.passing_aws_secret"
          ]
        }
      ]
    },
    {
      "mode": "managed",
      "type": "null_resource",
      "name": "modifying_kubectl_services_yamls",
      "provider": "provider.null",
      "instances": [
        {
          "schema_version": 0,
          "attributes": {
            "id": "5662006149246148356",
            "triggers": null
          },
          "private": "bnVsbA==",
          "dependencies": [
            "google_compute_address.frontend",
            "google_compute_address.gateway",
            "google_compute_network.vpc",
            "google_compute_subnetwork.subnet",
            "google_container_cluster.primary",
            "google_container_node_pool.primary_nodes",
            "module.bucket_access.aws_iam_access_key.smartshare",
            "module.bucket_access.aws_iam_user.smartshare",
            "null_resource.passing_aws_secret"
          ]
        }
      ]
    },
    {
      "mode": "managed",
      "type": "null_resource",
      "name": "passing_aws_secret",
      "provider": "provider.null",
      "instances": [
        {
          "schema_version": 0,
          "attributes": {
            "id": "36623905410454398",
            "triggers": null
          },
          "private": "bnVsbA==",
          "dependencies": [
            "google_compute_network.vpc",
            "google_compute_subnetwork.subnet",
            "google_container_cluster.primary",
            "google_container_node_pool.primary_nodes",
            "module.bucket_access.aws_iam_access_key.smartshare",
            "module.bucket_access.aws_iam_user.smartshare"
          ]
        }
      ]
    }
  ]
}
