{
  "version": 4,
  "terraform_version": "0.12.28",
  "serial": 18,
  "lineage": "53a41633-e46e-e354-9b87-fa13d2825498",
  "outputs": {
    "access-key": {
      "value": "AKIAR7MKNLULWTRVMVFK",
      "type": "string"
    },
    "frontend-ip": {
      "value": "34.89.8.57",
      "type": "string"
    },
    "gateway-ip": {
      "value": "34.105.151.44",
      "type": "string"
    },
    "kubernetes_cluster_name": {
      "value": "terraform-smartshare-gke",
      "type": "string"
    },
    "region": {
      "value": "europe-west2",
      "type": "string"
    },
    "secret": {
      "value": "Bgv8BOh19vC8H0jHD4Kt4QUlGiOxOjJPLiABmnv4",
      "type": "string"
    }
  },
  "resources": [
    {
      "mode": "managed",
      "type": "aws_iam_access_key",
      "name": "smartshare",
      "provider": "provider.aws",
      "instances": [
        {
          "schema_version": 0,
          "attributes": {
            "encrypted_secret": null,
            "id": "AKIAR7MKNLULWTRVMVFK",
            "key_fingerprint": null,
            "pgp_key": null,
            "secret": "Bgv8BOh19vC8H0jHD4Kt4QUlGiOxOjJPLiABmnv4",
            "ses_smtp_password": "AiKWJKCJ4G5mZ4jBsXeO/TJ9I5QLDgzZLs/64rXzLxZ5",
            "ses_smtp_password_v4": "BN6z1+vbsbA5i8yLtoZgWunBTTSeQXSjE4SJ/tRNRpxA",
            "status": "Active",
            "user": "smartshare-user"
          },
          "private": "bnVsbA==",
          "dependencies": [
            "aws_iam_user.smartshare"
          ]
        }
      ]
    },
    {
      "mode": "managed",
      "type": "aws_iam_user",
      "name": "smartshare",
      "provider": "provider.aws",
      "instances": [
        {
          "schema_version": 0,
          "attributes": {
            "arn": "arn:aws:iam::136118623511:user/user/smartshare-user",
            "force_destroy": false,
            "id": "smartshare-user",
            "name": "smartshare-user",
            "path": "/user/",
            "permissions_boundary": "arn:aws:iam::aws:policy/AmazonS3FullAccess",
            "tags": {},
            "unique_id": "AIDAR7MKNLULTYDXNPTGD"
          },
          "private": "bnVsbA=="
        }
      ]
    },
    {
      "mode": "managed",
      "type": "aws_iam_user_policy_attachment",
      "name": "smartshare-policy",
      "provider": "provider.aws",
      "instances": [
        {
          "schema_version": 0,
          "attributes": {
            "id": "smartshare-user-20200729172901589400000001",
            "policy_arn": "arn:aws:iam::aws:policy/AmazonS3FullAccess",
            "user": "smartshare-user"
          },
          "private": "bnVsbA==",
          "dependencies": [
            "aws_iam_user.smartshare"
          ]
        }
      ]
    },
    {
      "mode": "managed",
      "type": "google_compute_address",
      "name": "frontend",
      "provider": "provider.google",
      "instances": [
        {
          "schema_version": 0,
          "attributes": {
            "address": "34.89.8.57",
            "address_type": "EXTERNAL",
            "creation_timestamp": "2020-07-29T10:40:55.651-07:00",
            "description": "",
            "id": "projects/terraform-smartshare/regions/europe-west2/addresses/frontend-ip",
            "name": "frontend-ip",
            "network_tier": "PREMIUM",
            "project": "terraform-smartshare",
            "purpose": "",
            "region": "europe-west2",
            "self_link": "https://www.googleapis.com/compute/v1/projects/terraform-smartshare/regions/europe-west2/addresses/frontend-ip",
            "subnetwork": "",
            "timeouts": null,
            "users": []
          },
          "private": "eyJlMmJmYjczMC1lY2FhLTExZTYtOGY4OC0zNDM2M2JjN2M0YzAiOnsiY3JlYXRlIjoyNDAwMDAwMDAwMDAsImRlbGV0ZSI6MjQwMDAwMDAwMDAwfX0=",
          "dependencies": [
            "google_compute_network.vpc",
            "google_compute_subnetwork.subnet",
            "google_container_cluster.primary",
            "google_container_node_pool.primary_nodes"
          ]
        }
      ]
    },
    {
      "mode": "managed",
      "type": "google_compute_address",
      "name": "gateway",
      "provider": "provider.google",
      "instances": [
        {
          "schema_version": 0,
          "attributes": {
            "address": "34.105.151.44",
            "address_type": "EXTERNAL",
            "creation_timestamp": "2020-07-29T10:40:55.925-07:00",
            "description": "",
            "id": "projects/terraform-smartshare/regions/europe-west2/addresses/gateway-ip",
            "name": "gateway-ip",
            "network_tier": "PREMIUM",
            "project": "terraform-smartshare",
            "purpose": "",
            "region": "europe-west2",
            "self_link": "https://www.googleapis.com/compute/v1/projects/terraform-smartshare/regions/europe-west2/addresses/gateway-ip",
            "subnetwork": "",
            "timeouts": null,
            "users": []
          },
          "private": "eyJlMmJmYjczMC1lY2FhLTExZTYtOGY4OC0zNDM2M2JjN2M0YzAiOnsiY3JlYXRlIjoyNDAwMDAwMDAwMDAsImRlbGV0ZSI6MjQwMDAwMDAwMDAwfX0=",
          "dependencies": [
            "google_compute_network.vpc",
            "google_compute_subnetwork.subnet",
            "google_container_cluster.primary",
            "google_container_node_pool.primary_nodes"
          ]
        }
      ]
    },
    {
      "mode": "managed",
      "type": "google_compute_network",
      "name": "vpc",
      "provider": "provider.google",
      "instances": [
        {
          "schema_version": 0,
          "attributes": {
            "auto_create_subnetworks": false,
            "delete_default_routes_on_create": false,
            "description": "",
            "gateway_ipv4": "",
            "id": "projects/terraform-smartshare/global/networks/terraform-smartshare-default-vpc",
            "ipv4_range": null,
            "name": "terraform-smartshare-default-vpc",
            "project": "terraform-smartshare",
            "routing_mode": "REGIONAL",
            "self_link": "https://www.googleapis.com/compute/v1/projects/terraform-smartshare/global/networks/terraform-smartshare-default-vpc",
            "timeouts": null
          },
          "private": "eyJlMmJmYjczMC1lY2FhLTExZTYtOGY4OC0zNDM2M2JjN2M0YzAiOnsiY3JlYXRlIjoyNDAwMDAwMDAwMDAsImRlbGV0ZSI6MjQwMDAwMDAwMDAwLCJ1cGRhdGUiOjI0MDAwMDAwMDAwMH19"
        }
      ]
    },
    {
      "mode": "managed",
      "type": "google_compute_subnetwork",
      "name": "subnet",
      "provider": "provider.google",
      "instances": [
        {
          "schema_version": 0,
          "attributes": {
            "creation_timestamp": "2020-07-29T10:33:23.115-07:00",
            "description": "",
            "enable_flow_logs": null,
            "fingerprint": null,
            "gateway_address": "10.10.0.1",
            "id": "projects/terraform-smartshare/regions/europe-west2/subnetworks/terraform-smartshare-subnet",
            "ip_cidr_range": "10.10.0.0/24",
            "log_config": [],
            "name": "terraform-smartshare-subnet",
            "network": "https://www.googleapis.com/compute/v1/projects/terraform-smartshare/global/networks/terraform-smartshare-default-vpc",
            "private_ip_google_access": false,
            "project": "terraform-smartshare",
            "region": "europe-west2",
            "secondary_ip_range": [],
            "self_link": "https://www.googleapis.com/compute/v1/projects/terraform-smartshare/regions/europe-west2/subnetworks/terraform-smartshare-subnet",
            "timeouts": null
          },
          "private": "eyJlMmJmYjczMC1lY2FhLTExZTYtOGY4OC0zNDM2M2JjN2M0YzAiOnsiY3JlYXRlIjozNjAwMDAwMDAwMDAsImRlbGV0ZSI6MzYwMDAwMDAwMDAwLCJ1cGRhdGUiOjM2MDAwMDAwMDAwMH19",
          "dependencies": [
            "google_compute_network.vpc"
          ]
        }
      ]
    },
    {
      "mode": "managed",
      "type": "google_container_cluster",
      "name": "primary",
      "provider": "provider.google",
      "instances": [
        {
          "schema_version": 1,
          "attributes": {
            "additional_zones": [],
            "addons_config": [
              {
                "cloudrun_config": [],
                "horizontal_pod_autoscaling": [],
                "http_load_balancing": [],
                "kubernetes_dashboard": [],
                "network_policy_config": [
                  {
                    "disabled": true
                  }
                ]
              }
            ],
            "authenticator_groups_config": [],
            "cluster_autoscaling": [
              {
                "auto_provisioning_defaults": [],
                "enabled": false,
                "resource_limits": []
              }
            ],
            "cluster_ipv4_cidr": "10.52.0.0/14",
            "database_encryption": [
              {
                "key_name": "",
                "state": "DECRYPTED"
              }
            ],
            "default_max_pods_per_node": null,
            "description": "",
            "enable_binary_authorization": false,
            "enable_intranode_visibility": null,
            "enable_kubernetes_alpha": false,
            "enable_legacy_abac": false,
            "enable_shielded_nodes": false,
            "enable_tpu": null,
            "endpoint": "35.242.178.190",
            "id": "projects/terraform-smartshare/locations/europe-west2/clusters/terraform-smartshare-gke",
            "initial_node_count": 1,
            "instance_group_urls": [],
            "ip_allocation_policy": [],
            "label_fingerprint": "a9dc16a7",
            "location": "europe-west2",
            "logging_service": "logging.googleapis.com/kubernetes",
            "maintenance_policy": [],
            "master_auth": [
              {
                "client_certificate": "",
                "client_certificate_config": [
                  {
                    "issue_client_certificate": false
                  }
                ],
                "client_key": "",
                "cluster_ca_certificate": "LS0tLS1CRUdJTiBDRVJUSUZJQ0FURS0tLS0tCk1JSURERENDQWZTZ0F3SUJBZ0lSQU5DMCtqbnVtOEt5NGlOMTQ1RTFCckF3RFFZSktvWklodmNOQVFFTEJRQXcKTHpFdE1Dc0dBMVVFQXhNa01tWTJOemRoWVRVdFlqQTRaUzAwWWpNNExUa3pPV010TkdNNU16YzRZMlF3T0RZMgpNQjRYRFRJd01EY3lPVEUyTXpNME5sb1hEVEkxTURjeU9ERTNNek0wTmxvd0x6RXRNQ3NHQTFVRUF4TWtNbVkyCk56ZGhZVFV0WWpBNFpTMDBZak00TFRrek9XTXROR001TXpjNFkyUXdPRFkyTUlJQklqQU5CZ2txaGtpRzl3MEIKQVFFRkFBT0NBUThBTUlJQkNnS0NBUUVBNG9wUDBQQnlMOGZ5a3RMMTNwaS9lZXdzM2JMU041Nk5EUGdLUEtXVApoTlhtU3dBYWlINm91R3dySkxoeGJOMzZub3dYaWEyOEU0bklrUVBnYUlZdzY0NkNRMHArMmVXRk1XM1h2VnVJClBhT3B1b0NHaXcyM1pOZjU3ZHR5WHFsVm1janYrczVkdW1BYjVkRk1jaXROM1NYckRuc0Z0WGFXOUlFNW0wSmkKNno1VTh6TWY4c0lWbDdaTGhxcXVzU0tzczQ2Y1NCbGFER0JEblJRTnlhOVIwVWdCb0EyaFh5djJEM0dTbEp2ZApER2hEd3E1T2Y0NUs1QzZGMG0yYlQ4OVAwWHJMdUJYb0x5bVZEZzZzOHNjQ2xtcmRLcVlXbTlWYU5HWEZKeFljCmNoTzBQU2RaL21KajJiM3krMG1Nb2hMbVhaL1dDR3UwWFdzMVdrQzU0dG1ZbXdJREFRQUJveU13SVRBT0JnTlYKSFE4QkFmOEVCQU1DQWdRd0R3WURWUjBUQVFIL0JBVXdBd0VCL3pBTkJna3Foa2lHOXcwQkFRc0ZBQU9DQVFFQQpmSTgyeUdHeDFpUjlkdVl6ejdOdEtsYVVFZ0V4cHBnNFRNUWNrNzZrcGVzb0RJMW1yOURLWTkxU3gzZlY3dzk3Cjhjd21obGYrVmJGT0ZPcjFtaDVoenpBMWxsWnNYVThYQlZJN2MrRENkMmZIajhsalhjUXhQUWIxVWZKM3cvWEYKZFp6NHNiVE5WaXNiNit4MGtkZlB1ODRHMFcvOWVFcUJRTFhCYmRDTFdFaGt5N1phUzJudndEQktvcndNZ2VaMQpOYjh6UzNNVGI5RGhHZmRhdkV2NXc5STkwcGdiUExPaGprZWt5NHBVdzE5bkJDd1ByMmZiRWFsOTdGY3pXcEhmCm9UbFc1RnZKYlFybkNONVVkbmEzM3FodGlMTnlqeVpHVkp0TDNIOFBBcHBGNHpSUUJnNDhCRGZYQ3BkUitCaEMKQTFqNDlqWUNNYXQ3QXZEQnpseSswUT09Ci0tLS0tRU5EIENFUlRJRklDQVRFLS0tLS0K",
                "password": "",
                "username": ""
              }
            ],
            "master_authorized_networks_config": [],
            "master_version": "1.15.12-gke.2",
            "min_master_version": null,
            "monitoring_service": "monitoring.googleapis.com/kubernetes",
            "name": "terraform-smartshare-gke",
            "network": "projects/terraform-smartshare/global/networks/terraform-smartshare-default-vpc",
            "network_policy": [
              {
                "enabled": false,
                "provider": "PROVIDER_UNSPECIFIED"
              }
            ],
            "node_config": [],
            "node_locations": [
              "europe-west2-a",
              "europe-west2-b",
              "europe-west2-c"
            ],
            "node_pool": [],
            "node_version": "1.15.12-gke.2",
            "operation": null,
            "pod_security_policy_config": null,
            "private_cluster_config": [],
            "project": "terraform-smartshare",
            "region": null,
            "remove_default_node_pool": true,
            "resource_labels": null,
            "resource_usage_export_config": [],
            "services_ipv4_cidr": "10.55.240.0/20",
            "subnetwork": "projects/terraform-smartshare/regions/europe-west2/subnetworks/terraform-smartshare-subnet",
            "timeouts": null,
            "vertical_pod_autoscaling": [],
            "workload_identity_config": [],
            "zone": null
          },
          "private": "eyJlMmJmYjczMC1lY2FhLTExZTYtOGY4OC0zNDM2M2JjN2M0YzAiOnsiY3JlYXRlIjoyNDAwMDAwMDAwMDAwLCJkZWxldGUiOjI0MDAwMDAwMDAwMDAsInJlYWQiOjI0MDAwMDAwMDAwMDAsInVwZGF0ZSI6MzYwMDAwMDAwMDAwMH0sInNjaGVtYV92ZXJzaW9uIjoiMSJ9",
          "dependencies": [
            "google_compute_network.vpc",
            "google_compute_subnetwork.subnet"
          ]
        }
      ]
    },
    {
      "mode": "managed",
      "type": "google_container_node_pool",
      "name": "primary_nodes",
      "provider": "provider.google",
      "instances": [
        {
          "schema_version": 1,
          "attributes": {
            "autoscaling": [],
            "cluster": "terraform-smartshare-gke",
            "id": "projects/terraform-smartshare/locations/europe-west2/clusters/terraform-smartshare-gke/nodePools/terraform-smartshare-gke-node-pool",
            "initial_node_count": 1,
            "instance_group_urls": [
              "https://www.googleapis.com/compute/v1/projects/terraform-smartshare/zones/europe-west2-b/instanceGroupManagers/gke-terraform-smarts-terraform-smarts-6d828996-grp",
              "https://www.googleapis.com/compute/v1/projects/terraform-smartshare/zones/europe-west2-a/instanceGroupManagers/gke-terraform-smarts-terraform-smarts-bbe31920-grp",
              "https://www.googleapis.com/compute/v1/projects/terraform-smartshare/zones/europe-west2-c/instanceGroupManagers/gke-terraform-smarts-terraform-smarts-4745236c-grp"
            ],
            "location": "europe-west2",
            "management": [
              {
                "auto_repair": true,
                "auto_upgrade": true
              }
            ],
            "max_pods_per_node": null,
            "name": "terraform-smartshare-gke-node-pool",
            "name_prefix": "",
            "node_config": [
              {
                "disk_size_gb": 100,
                "disk_type": "pd-standard",
                "guest_accelerator": [],
                "image_type": "COS",
                "labels": {
                  "env": "terraform-smartshare"
                },
                "local_ssd_count": 0,
                "machine_type": "n1-standard-1",
                "metadata": {
                  "disable-legacy-endpoints": "true"
                },
                "min_cpu_platform": "",
                "oauth_scopes": [
                  "https://www.googleapis.com/auth/logging.write",
                  "https://www.googleapis.com/auth/monitoring"
                ],
                "preemptible": false,
                "sandbox_config": [],
                "service_account": "default",
                "shielded_instance_config": [
                  {
                    "enable_integrity_monitoring": true,
                    "enable_secure_boot": false
                  }
                ],
                "tags": [
                  "gke-node",
                  "terraform-smartshare-gke"
                ],
                "taint": [],
                "workload_metadata_config": []
              }
            ],
            "node_count": 1,
            "node_locations": [
              "europe-west2-a",
              "europe-west2-b",
              "europe-west2-c"
            ],
            "project": "terraform-smartshare",
            "region": null,
            "timeouts": null,
            "upgrade_settings": [
              {
                "max_surge": 1,
                "max_unavailable": 0
              }
            ],
            "version": "1.15.12-gke.2",
            "zone": null
          },
          "private": "eyJlMmJmYjczMC1lY2FhLTExZTYtOGY4OC0zNDM2M2JjN2M0YzAiOnsiY3JlYXRlIjoxODAwMDAwMDAwMDAwLCJkZWxldGUiOjE4MDAwMDAwMDAwMDAsInVwZGF0ZSI6MTgwMDAwMDAwMDAwMH0sInNjaGVtYV92ZXJzaW9uIjoiMSJ9",
          "dependencies": [
            "google_compute_network.vpc",
            "google_compute_subnetwork.subnet",
            "google_container_cluster.primary"
          ]
        }
      ]
    },
    {
      "mode": "managed",
      "type": "null_resource",
      "name": "configure_auth0",
      "provider": "provider.null",
      "instances": [
        {
          "schema_version": 0,
          "attributes": {
            "id": "5181519238149773077",
            "triggers": null
          },
          "private": "bnVsbA==",
          "dependencies": [
            "google_compute_address.frontend",
            "google_compute_network.vpc",
            "google_compute_subnetwork.subnet",
            "google_container_cluster.primary",
            "google_container_node_pool.primary_nodes"
          ]
        }
      ]
    },
    {
      "mode": "managed",
      "type": "null_resource",
      "name": "execute_kubectl_commands",
      "provider": "provider.null",
      "instances": [
        {
          "schema_version": 0,
          "attributes": {
            "id": "6124323009244175836",
            "triggers": null
          },
          "private": "bnVsbA==",
          "dependencies": [
            "aws_iam_access_key.smartshare",
            "google_compute_address.frontend",
            "google_compute_address.gateway",
            "google_compute_network.vpc",
            "google_compute_subnetwork.subnet",
            "google_container_cluster.primary",
            "google_container_node_pool.primary_nodes",
            "null_resource.modifying_kubectl_deployment_yamls",
            "null_resource.modifying_kubectl_services_yamls",
            "null_resource.passing_aws_secret"
          ]
        }
      ]
    },
    {
      "mode": "managed",
      "type": "null_resource",
      "name": "modifying_kubectl_deployment_yamls",
      "provider": "provider.null",
      "instances": [
        {
          "schema_version": 0,
          "attributes": {
            "id": "1776341091892319686",
            "triggers": null
          },
          "private": "bnVsbA==",
          "dependencies": [
            "aws_iam_access_key.smartshare",
            "google_compute_address.frontend",
            "google_compute_address.gateway",
            "google_compute_network.vpc",
            "google_compute_subnetwork.subnet",
            "google_container_cluster.primary",
            "google_container_node_pool.primary_nodes",
            "null_resource.modifying_kubectl_services_yamls",
            "null_resource.passing_aws_secret"
          ]
        }
      ]
    },
    {
      "mode": "managed",
      "type": "null_resource",
      "name": "modifying_kubectl_services_yamls",
      "provider": "provider.null",
      "instances": [
        {
          "schema_version": 0,
          "attributes": {
            "id": "3754737962317251040",
            "triggers": null
          },
          "private": "bnVsbA==",
          "dependencies": [
            "aws_iam_access_key.smartshare",
            "google_compute_address.frontend",
            "google_compute_address.gateway",
            "google_compute_network.vpc",
            "google_compute_subnetwork.subnet",
            "google_container_cluster.primary",
            "google_container_node_pool.primary_nodes",
            "null_resource.passing_aws_secret"
          ]
        }
      ]
    },
    {
      "mode": "managed",
      "type": "null_resource",
      "name": "passing_aws_secret",
      "provider": "provider.null",
      "instances": [
        {
          "schema_version": 0,
          "attributes": {
            "id": "4866800462577746164",
            "triggers": null
          },
          "private": "bnVsbA==",
          "dependencies": [
            "aws_iam_access_key.smartshare",
            "google_compute_network.vpc",
            "google_compute_subnetwork.subnet",
            "google_container_cluster.primary",
            "google_container_node_pool.primary_nodes"
          ]
        }
      ]
    }
  ]
}
